Microsoft Visual Studio Solution File, Format Version 11.00
# Visual Studio 2008

Project("{597352D4-36B5-177C-3F0E-38654B96C959}") = "FOH", "Assembly-CSharp-vs.csproj", "{D0A03817-EE94-1AC8-9452-FE177F0A1379}"
EndProject
Project("{597352D4-36B5-177C-3F0E-38654B96C959}") = "FOH", "Assembly-CSharp-Editor-vs.csproj", "{32613B3A-B121-BE8C-0FC5-981011208BA3}"
EndProject
Global
	GlobalSection(SolutionConfigurationPlatforms) = preSolution
		Debug|Any CPU = Debug|Any CPU
		Release|Any CPU = Release|Any CPU
	EndGlobalSection
	GlobalSection(ProjectConfigurationPlatforms) = postSolution
		{D0A03817-EE94-1AC8-9452-FE177F0A1379}.Debug|Any CPU.ActiveCfg = Debug|Any CPU
		{D0A03817-EE94-1AC8-9452-FE177F0A1379}.Debug|Any CPU.Build.0 = Debug|Any CPU
		{D0A03817-EE94-1AC8-9452-FE177F0A1379}.Release|Any CPU.ActiveCfg = Release|Any CPU
		{D0A03817-EE94-1AC8-9452-FE177F0A1379}.Release|Any CPU.Build.0 = Release|Any CPU
		{32613B3A-B121-BE8C-0FC5-981011208BA3}.Debug|Any CPU.ActiveCfg = Debug|Any CPU
		{32613B3A-B121-BE8C-0FC5-981011208BA3}.Debug|Any CPU.Build.0 = Debug|Any CPU
		{32613B3A-B121-BE8C-0FC5-981011208BA3}.Release|Any CPU.ActiveCfg = Release|Any CPU
		{32613B3A-B121-BE8C-0FC5-981011208BA3}.Release|Any CPU.Build.0 = Release|Any CPU
	EndGlobalSection
	GlobalSection(SolutionProperties) = preSolution
		HideSolutionNode = FALSE
	EndGlobalSection
		GlobalSection(MonoDevelopProperties) = preSolution
		StartupItem = Assembly-CSharp.csproj
		Policies = $0
		$0.TextStylePolicy = $1
		$1.inheritsSet = null
		$1.scope = text/x-csharp
		$0.CSharpFormattingPolicy = $2
		$2.inheritsSet = Mono
		$2.inheritsScope = text/x-csharp
		$2.scope = text/x-csharp
		$0.TextStylePolicy = $3
		$3.FileWidth = 120
		$3.TabWidth = 4
		$3.EolMarker = Unix
		$3.inheritsSet = Mono
		$3.inheritsScope = text/plain
		$3.scope = text/plain
	EndGlobalSection

EndGlobal
